
Microsoft Visual Studio Solution File, Format Version 12.00
# Visual Studio Version 17
VisualStudioVersion = 17.8.34330.188
MinimumVisualStudioVersion = 10.0.40219.1
Project("{2150E333-8FDC-42A3-9474-1A3956D46DE8}") = "Domain", "Domain", "{3222B1C0-4E22-4811-A783-291086A24CD3}"
EndProject
Project("{2150E333-8FDC-42A3-9474-1A3956D46DE8}") = "Users", "Users", "{808F5D41-31AB-497D-97BD-9F50618E7CC0}"
EndProject
Project("{2150E333-8FDC-42A3-9474-1A3956D46DE8}") = "Student", "Student", "{6166DCB4-48E6-418A-AE16-F658FCA0EFF3}"
EndProject
Project("{2150E333-8FDC-42A3-9474-1A3956D46DE8}") = "Teacher", "Teacher", "{C4DEA1A0-AA6A-4EDC-A7F1-5E7478CC46A9}"
EndProject
Global
	GlobalSection(SolutionProperties) = preSolution
		HideSolutionNode = FALSE
	EndGlobalSection
	GlobalSection(NestedProjects) = preSolution
		{808F5D41-31AB-497D-97BD-9F50618E7CC0} = {3222B1C0-4E22-4811-A783-291086A24CD3}
		{6166DCB4-48E6-418A-AE16-F658FCA0EFF3} = {3222B1C0-4E22-4811-A783-291086A24CD3}
		{C4DEA1A0-AA6A-4EDC-A7F1-5E7478CC46A9} = {3222B1C0-4E22-4811-A783-291086A24CD3}
	EndGlobalSection
	GlobalSection(ExtensibilityGlobals) = postSolution
		SolutionGuid = {2F163BFC-9381-4CAE-B959-9D82014E81F3}
	EndGlobalSection
EndGlobal
