
Microsoft Visual Studio Solution File, Format Version 12.00
# Visual Studio Version 17
VisualStudioVersion = 17.8.34330.188
MinimumVisualStudioVersion = 10.0.40219.1
Project("{9A19103F-16F7-4668-BE54-9A1E7A4F7556}") = "Domain", "Domain\Domain.csproj", "{6F620F02-27AF-4AD5-B3B0-5BE7898ADEB1}"
EndProject
Project("{9A19103F-16F7-4668-BE54-9A1E7A4F7556}") = "Infrastructure", "Infrastructure\Infrastructure.csproj", "{F86FC730-2D86-492B-B38B-30DD78E18036}"
EndProject
Project("{FAE04EC0-301F-11D3-BF4B-00C04F79EFBC}") = "Application", "Application\Application.csproj", "{24A27818-8FD5-46AA-984C-CCCFEBF84D7D}"
EndProject
Project("{FAE04EC0-301F-11D3-BF4B-00C04F79EFBC}") = "Tests", "Tests\Tests.csproj", "{FA9FEDB5-8A87-4B07-BA8B-C84BA145C98A}"
EndProject
Global
	GlobalSection(SolutionConfigurationPlatforms) = preSolution
		Debug|Any CPU = Debug|Any CPU
		Release|Any CPU = Release|Any CPU
	EndGlobalSection
	GlobalSection(ProjectConfigurationPlatforms) = postSolution
		{6F620F02-27AF-4AD5-B3B0-5BE7898ADEB1}.Debug|Any CPU.ActiveCfg = Debug|Any CPU
		{6F620F02-27AF-4AD5-B3B0-5BE7898ADEB1}.Debug|Any CPU.Build.0 = Debug|Any CPU
		{6F620F02-27AF-4AD5-B3B0-5BE7898ADEB1}.Release|Any CPU.ActiveCfg = Release|Any CPU
		{6F620F02-27AF-4AD5-B3B0-5BE7898ADEB1}.Release|Any CPU.Build.0 = Release|Any CPU
		{F86FC730-2D86-492B-B38B-30DD78E18036}.Debug|Any CPU.ActiveCfg = Debug|Any CPU
		{F86FC730-2D86-492B-B38B-30DD78E18036}.Debug|Any CPU.Build.0 = Debug|Any CPU
		{F86FC730-2D86-492B-B38B-30DD78E18036}.Release|Any CPU.ActiveCfg = Release|Any CPU
		{F86FC730-2D86-492B-B38B-30DD78E18036}.Release|Any CPU.Build.0 = Release|Any CPU
		{24A27818-8FD5-46AA-984C-CCCFEBF84D7D}.Debug|Any CPU.ActiveCfg = Debug|Any CPU
		{24A27818-8FD5-46AA-984C-CCCFEBF84D7D}.Debug|Any CPU.Build.0 = Debug|Any CPU
		{24A27818-8FD5-46AA-984C-CCCFEBF84D7D}.Release|Any CPU.ActiveCfg = Release|Any CPU
		{24A27818-8FD5-46AA-984C-CCCFEBF84D7D}.Release|Any CPU.Build.0 = Release|Any CPU
		{FA9FEDB5-8A87-4B07-BA8B-C84BA145C98A}.Debug|Any CPU.ActiveCfg = Debug|Any CPU
		{FA9FEDB5-8A87-4B07-BA8B-C84BA145C98A}.Debug|Any CPU.Build.0 = Debug|Any CPU
		{FA9FEDB5-8A87-4B07-BA8B-C84BA145C98A}.Release|Any CPU.ActiveCfg = Release|Any CPU
		{FA9FEDB5-8A87-4B07-BA8B-C84BA145C98A}.Release|Any CPU.Build.0 = Release|Any CPU
	EndGlobalSection
	GlobalSection(SolutionProperties) = preSolution
		HideSolutionNode = FALSE
	EndGlobalSection
	GlobalSection(ExtensibilityGlobals) = postSolution
		SolutionGuid = {2F163BFC-9381-4CAE-B959-9D82014E81F3}
	EndGlobalSection
EndGlobal
